<?xml version="1.0" encoding="utf-8"?>
<Project ToolsVersion="4.0" xmlns="http://schemas.microsoft.com/developer/msbuild/2003">
  <ItemGroup>
    <ClCompile Include="Sources/Main.cpp">
      <Filter>Sources</Filter>
    </ClCompile>
    <ClCompile Include="Sources\Game.cpp">
      <Filter>Sources</Filter>
    </ClCompile>
    <ClCompile Include="Sources\GameState.cpp">
      <Filter>Sources</Filter>
    </ClCompile>
    <ClCompile Include="Sources\State.cpp">
      <Filter>Sources</Filter>
    </ClCompile>
    <ClCompile Include="Sources\Entity.cpp">
      <Filter>Sources</Filter>
    </ClCompile>
    <ClCompile Include="Sources\MainMenuState.cpp">
      <Filter>Sources</Filter>
    </ClCompile>
    <ClCompile Include="Sources\Gui.cpp">
      <Filter>Sources</Filter>
    </ClCompile>
    <ClCompile Include="Sources\Player.cpp">
      <Filter>Sources</Filter>
    </ClCompile>
    <ClCompile Include="Sources\MovementComponent.cpp">
      <Filter>Sources</Filter>
    </ClCompile>
    <ClCompile Include="Sources\AnimationComponent.cpp">
      <Filter>Sources</Filter>
    </ClCompile>
    <ClCompile Include="Sources\EditorState.cpp">
      <Filter>Sources</Filter>
    </ClCompile>
    <ClCompile Include="Sources\HitboxComponent.cpp">
      <Filter>Sources</Filter>
    </ClCompile>
    <ClCompile Include="Sources\PauseMenu.cpp">
      <Filter>Sources</Filter>
    </ClCompile>
    <ClCompile Include="Sources\Tile.cpp">
      <Filter>Sources</Filter>
    </ClCompile>
    <ClCompile Include="Sources\SettingsState.cpp">
      <Filter>Sources</Filter>
    </ClCompile>
    <ClCompile Include="Sources\TileMap.cpp">
      <Filter>Sources</Filter>
    </ClCompile>
    <ClCompile Include="Sources\stdafx.cpp">
      <Filter>Sources</Filter>
    </ClCompile>
    <ClCompile Include="Sources\GraphicsSettings.cpp">
      <Filter>Sources</Filter>
    </ClCompile>
    <ClCompile Include="Sources\DefaultEditorMode.cpp">
      <Filter>Sources</Filter>
    </ClCompile>
    <ClCompile Include="Sources\EditorMode.cpp">
      <Filter>Sources</Filter>
    </ClCompile>
    <ClCompile Include="Sources\Inventory.cpp">
      <Filter>Sources</Filter>
    </ClCompile>
    <ClCompile Include="Sources\Item.cpp">
      <Filter>Sources</Filter>
    </ClCompile>
    <ClCompile Include="Sources\Sword.cpp">
      <Filter>Sources</Filter>
    </ClCompile>
    <ClCompile Include="Sources\MeleeWeapon.cpp">
      <Filter>Sources</Filter>
    </ClCompile>
    <ClCompile Include="Sources\RangedWeapon.cpp">
      <Filter>Sources</Filter>
    </ClCompile>
    <ClCompile Include="Sources\Weapon.cpp">
      <Filter>Sources</Filter>
    </ClCompile>
    <ClCompile Include="Sources\EnemySpawnerTile.cpp">
      <Filter>Sources</Filter>
    </ClCompile>
    <ClCompile Include="Sources\RegularTile.cpp">
      <Filter>Sources</Filter>
    </ClCompile>
    <ClCompile Include="Sources\EnemySystem.cpp">
      <Filter>Sources</Filter>
    </ClCompile>
    <ClCompile Include="Sources\Rat.cpp">
      <Filter>Sources</Filter>
    </ClCompile>
    <ClCompile Include="Sources\Enemy.cpp">
      <Filter>Sources</Filter>
    </ClCompile>
    <ClCompile Include="Sources\AttributeComponent.cpp">
      <Filter>Sources</Filter>
    </ClCompile>
    <ClCompile Include="Sources\SkillComponent.cpp">
      <Filter>Sources</Filter>
    </ClCompile>
    <ClCompile Include="Sources\AIFollow.cpp">
      <Filter>Sources</Filter>
    </ClCompile>
    <ClCompile Include="Sources\AIOption.cpp">
      <Filter>Sources</Filter>
    </ClCompile>
    <ClCompile Include="Sources\EnemyEditorMode.cpp">
      <Filter>Sources</Filter>
    </ClCompile>
    <ClCompile Include="Sources\VectorMath.cpp">
      <Filter>Sources</Filter>
    </ClCompile>
    <ClCompile Include="Sources\Tab.cpp">
      <Filter>Sources</Filter>
    </ClCompile>
    <ClCompile Include="Sources\AIComponent.cpp">
      <Filter>Sources</Filter>
    </ClCompile>
    <ClCompile Include="Sources\CharacterTab.cpp">
      <Filter>Sources</Filter>
    </ClCompile>
    <ClCompile Include="Sources\PlayerGUI.cpp">
      <Filter>Sources</Filter>
    </ClCompile>
    <ClCompile Include="Sources\PlayerGUITabs.cpp">
      <Filter>Sources</Filter>
    </ClCompile>
    <ClCompile Include="Sources\TextTagSystem.cpp">
      <Filter>Sources</Filter>
    </ClCompile>
    <ClCompile Include="Sources\Bird.cpp">
      <Filter>Sources</Filter>
    </ClCompile>
  </ItemGroup>
  <ItemGroup>
    <Image Include="Resources\background.png">
      <Filter>Resources</Filter>
    </Image>
    <Image Include="Resources\platform.png">
      <Filter>Resources</Filter>
    </Image>
    <Image Include="Resources\doodle1.png">
      <Filter>Resources</Filter>
    </Image>
    <Image Include="Resources\doodle2.png">
      <Filter>Resources</Filter>
    </Image>
  </ItemGroup>
  <ItemGroup>
    <Filter Include="Resources">
      <UniqueIdentifier>{ec0eed19-df36-4edf-b807-d6c4ac9b47a2}</UniqueIdentifier>
    </Filter>
    <Filter Include="Sources">
      <UniqueIdentifier>{7181af88-7337-4918-909a-184be1925695}</UniqueIdentifier>
    </Filter>
    <Filter Include="config">
      <UniqueIdentifier>{e887b061-55ad-42ec-9b80-bd1e29cb7656}</UniqueIdentifier>
    </Filter>
    <Filter Include="Fonts">
      <UniqueIdentifier>{269e44a2-212f-419c-b2ff-38d7e2d1265d}</UniqueIdentifier>
    </Filter>
  </ItemGroup>
  <ItemGroup>
    <ClInclude Include="Sources\Game.h">
      <Filter>Sources</Filter>
    </ClInclude>
    <ClInclude Include="Sources\GameState.h">
      <Filter>Sources</Filter>
    </ClInclude>
    <ClInclude Include="Sources\State.h">
      <Filter>Sources</Filter>
    </ClInclude>
    <ClInclude Include="Sources\Entity.h">
      <Filter>Sources</Filter>
    </ClInclude>
    <ClInclude Include="Sources\MainMenuState.h">
      <Filter>Sources</Filter>
    </ClInclude>
    <ClInclude Include="Sources\Gui.h">
      <Filter>Sources</Filter>
    </ClInclude>
    <ClInclude Include="Sources\Player.h">
      <Filter>Sources</Filter>
    </ClInclude>
    <ClInclude Include="Sources\MovementComponent.h">
      <Filter>Sources</Filter>
    </ClInclude>
    <ClInclude Include="Sources\AnimationComponent.h">
      <Filter>Sources</Filter>
    </ClInclude>
    <ClInclude Include="Sources\EditorState.h">
      <Filter>Sources</Filter>
    </ClInclude>
    <ClInclude Include="Sources\HitboxComponent.h">
      <Filter>Sources</Filter>
    </ClInclude>
    <ClInclude Include="Sources\PauseMenu.h">
      <Filter>Sources</Filter>
    </ClInclude>
    <ClInclude Include="Sources\Tile.h">
      <Filter>Sources</Filter>
    </ClInclude>
    <ClInclude Include="Sources\SettingsState.h">
      <Filter>Sources</Filter>
    </ClInclude>
    <ClInclude Include="Sources\TileMap.h">
      <Filter>Sources</Filter>
    </ClInclude>
    <ClInclude Include="Sources\stdafx.h">
      <Filter>Sources</Filter>
    </ClInclude>
    <ClInclude Include="Sources\GraphicsSettings.h">
      <Filter>Sources</Filter>
    </ClInclude>
    <ClInclude Include="Sources\DefaultEditorMode.h">
      <Filter>Sources</Filter>
    </ClInclude>
    <ClInclude Include="Sources\EditorMode.h">
      <Filter>Sources</Filter>
    </ClInclude>
    <ClInclude Include="Sources\EditorModes.h">
      <Filter>Sources</Filter>
    </ClInclude>
    <ClInclude Include="Sources\Inventory.h">
      <Filter>Sources</Filter>
    </ClInclude>
    <ClInclude Include="Sources\Item.h">
      <Filter>Sources</Filter>
    </ClInclude>
    <ClInclude Include="Sources\Sword.h">
      <Filter>Sources</Filter>
    </ClInclude>
    <ClInclude Include="Sources\MeleeWeapon.h">
      <Filter>Sources</Filter>
    </ClInclude>
    <ClInclude Include="Sources\RangedWeapon.h">
      <Filter>Sources</Filter>
    </ClInclude>
    <ClInclude Include="Sources\Weapon.h">
      <Filter>Sources</Filter>
    </ClInclude>
    <ClInclude Include="Sources\EnemySpawnerTile.h">
      <Filter>Sources</Filter>
    </ClInclude>
    <ClInclude Include="Sources\RegularTile.h">
      <Filter>Sources</Filter>
    </ClInclude>
    <ClInclude Include="Sources\EnemySystem.h">
      <Filter>Sources</Filter>
    </ClInclude>
    <ClInclude Include="Sources\Rat.h">
      <Filter>Sources</Filter>
    </ClInclude>
    <ClInclude Include="Sources\Enemy.h">
      <Filter>Sources</Filter>
    </ClInclude>
    <ClInclude Include="Sources\AttributeComponent.h">
      <Filter>Sources</Filter>
    </ClInclude>
    <ClInclude Include="Sources\SkillComponent.h">
      <Filter>Sources</Filter>
    </ClInclude>
    <ClInclude Include="Sources\AIFollow.h">
      <Filter>Sources</Filter>
    </ClInclude>
    <ClInclude Include="Sources\AIOption.h">
      <Filter>Sources</Filter>
    </ClInclude>
    <ClInclude Include="Sources\EnemyEditorMode.h">
      <Filter>Sources</Filter>
    </ClInclude>
    <ClInclude Include="Sources\VectorMath.h">
      <Filter>Sources</Filter>
    </ClInclude>
    <ClInclude Include="Sources\Tab.h">
      <Filter>Sources</Filter>
    </ClInclude>
    <ClInclude Include="Sources\AIComponent.h">
      <Filter>Sources</Filter>
    </ClInclude>
    <ClInclude Include="Sources\CharacterTab.h">
      <Filter>Sources</Filter>
    </ClInclude>
    <ClInclude Include="Sources\PlayerGUI.h">
      <Filter>Sources</Filter>
    </ClInclude>
    <ClInclude Include="Sources\PlayerGUITabs.h">
      <Filter>Sources</Filter>
    </ClInclude>
    <ClInclude Include="Sources\TextTagSystem.h">
      <Filter>Sources</Filter>
    </ClInclude>
    <ClInclude Include="Sources\Bird.h">
      <Filter>Sources</Filter>
    </ClInclude>
    <ClInclude Include="Sources\Items.h">
      <Filter>Sources</Filter>
    </ClInclude>
  </ItemGroup>
  <ItemGroup>
    <None Include="Config\window.ini">
      <Filter>config</Filter>
    </None>
    <None Include="Sources\fragment_shader.frag">
      <Filter>Sources</Filter>
    </None>
    <None Include="Sources\vertex_shader.vert">
      <Filter>Sources</Filter>
    </None>
  </ItemGroup>
  <ItemGroup>
    <Font Include="Fonts\The Andallass.ttf">
      <Filter>Fonts</Filter>
    </Font>
  </ItemGroup>
</Project>